// !$*UTF8*$!
{
	archiveVersion = 1;
	classes = {
	};
	objectVersion = 55;
	objects = {

/* Begin PBXBuildFile section */
		C4FE1D69284C964A003E0963 /* AppDelegate.swift in Sources */ = {isa = PBXBuildFile; fileRef = C4FE1D68284C964A003E0963 /* AppDelegate.swift */; };
		C4FE1D6B284C964A003E0963 /* SceneDelegate.swift in Sources */ = {isa = PBXBuildFile; fileRef = C4FE1D6A284C964A003E0963 /* SceneDelegate.swift */; };
		C4FE1D6D284C964A003E0963 /* ViewController.swift in Sources */ = {isa = PBXBuildFile; fileRef = C4FE1D6C284C964A003E0963 /* ViewController.swift */; };
		C4FE1D70284C964A003E0963 /* Main.storyboard in Resources */ = {isa = PBXBuildFile; fileRef = C4FE1D6E284C964A003E0963 /* Main.storyboard */; };
		C4FE1D73284C964A003E0963 /* ConnectPrinter.xcdatamodeld in Sources */ = {isa = PBXBuildFile; fileRef = C4FE1D71284C964A003E0963 /* ConnectPrinter.xcdatamodeld */; };
		C4FE1D75284C964C003E0963 /* Assets.xcassets in Resources */ = {isa = PBXBuildFile; fileRef = C4FE1D74284C964C003E0963 /* Assets.xcassets */; };
		C4FE1D78284C964C003E0963 /* LaunchScreen.storyboard in Resources */ = {isa = PBXBuildFile; fileRef = C4FE1D76284C964C003E0963 /* LaunchScreen.storyboard */; };
		C4FE1D83284C964C003E0963 /* ConnectPrinterTests.swift in Sources */ = {isa = PBXBuildFile; fileRef = C4FE1D82284C964C003E0963 /* ConnectPrinterTests.swift */; };
		C4FE1D8D284C964C003E0963 /* ConnectPrinterUITests.swift in Sources */ = {isa = PBXBuildFile; fileRef = C4FE1D8C284C964C003E0963 /* ConnectPrinterUITests.swift */; };
		C4FE1D8F284C964C003E0963 /* ConnectPrinterUITestsLaunchTests.swift in Sources */ = {isa = PBXBuildFile; fileRef = C4FE1D8E284C964C003E0963 /* ConnectPrinterUITestsLaunchTests.swift */; };
/* End PBXBuildFile section */

/* Begin PBXContainerItemProxy section */
		C4FE1D7F284C964C003E0963 /* PBXContainerItemProxy */ = {
			isa = PBXContainerItemProxy;
			containerPortal = C4FE1D5D284C964A003E0963 /* Project object */;
			proxyType = 1;
			remoteGlobalIDString = C4FE1D64284C964A003E0963;
			remoteInfo = ConnectPrinter;
		};
		C4FE1D89284C964C003E0963 /* PBXContainerItemProxy */ = {
			isa = PBXContainerItemProxy;
			containerPortal = C4FE1D5D284C964A003E0963 /* Project object */;
			proxyType = 1;
			remoteGlobalIDString = C4FE1D64284C964A003E0963;
			remoteInfo = ConnectPrinter;
		};
/* End PBXContainerItemProxy section */

/* Begin PBXFileReference section */
		C4FE1D65284C964A003E0963 /* ConnectPrinter.app */ = {isa = PBXFileReference; explicitFileType = wrapper.application; includeInIndex = 0; path = ConnectPrinter.app; sourceTree = BUILT_PRODUCTS_DIR; };
		C4FE1D68284C964A003E0963 /* AppDelegate.swift */ = {isa = PBXFileReference; lastKnownFileType = sourcecode.swift; path = AppDelegate.swift; sourceTree = "<group>"; };
		C4FE1D6A284C964A003E0963 /* SceneDelegate.swift */ = {isa = PBXFileReference; lastKnownFileType = sourcecode.swift; path = SceneDelegate.swift; sourceTree = "<group>"; };
		C4FE1D6C284C964A003E0963 /* ViewController.swift */ = {isa = PBXFileReference; lastKnownFileType = sourcecode.swift; path = ViewController.swift; sourceTree = "<group>"; };
		C4FE1D6F284C964A003E0963 /* Base */ = {isa = PBXFileReference; lastKnownFileType = file.storyboard; name = Base; path = Base.lproj/Main.storyboard; sourceTree = "<group>"; };
		C4FE1D72284C964A003E0963 /* ConnectPrinter.xcdatamodel */ = {isa = PBXFileReference; lastKnownFileType = wrapper.xcdatamodel; path = ConnectPrinter.xcdatamodel; sourceTree = "<group>"; };
		C4FE1D74284C964C003E0963 /* Assets.xcassets */ = {isa = PBXFileReference; lastKnownFileType = folder.assetcatalog; path = Assets.xcassets; sourceTree = "<group>"; };
		C4FE1D77284C964C003E0963 /* Base */ = {isa = PBXFileReference; lastKnownFileType = file.storyboard; name = Base; path = Base.lproj/LaunchScreen.storyboard; sourceTree = "<group>"; };
		C4FE1D79284C964C003E0963 /* Info.plist */ = {isa = PBXFileReference; lastKnownFileType = text.plist.xml; path = Info.plist; sourceTree = "<group>"; };
		C4FE1D7E284C964C003E0963 /* ConnectPrinterTests.xctest */ = {isa = PBXFileReference; explicitFileType = wrapper.cfbundle; includeInIndex = 0; path = ConnectPrinterTests.xctest; sourceTree = BUILT_PRODUCTS_DIR; };
		C4FE1D82284C964C003E0963 /* ConnectPrinterTests.swift */ = {isa = PBXFileReference; lastKnownFileType = sourcecode.swift; path = ConnectPrinterTests.swift; sourceTree = "<group>"; };
		C4FE1D88284C964C003E0963 /* ConnectPrinterUITests.xctest */ = {isa = PBXFileReference; explicitFileType = wrapper.cfbundle; includeInIndex = 0; path = ConnectPrinterUITests.xctest; sourceTree = BUILT_PRODUCTS_DIR; };
		C4FE1D8C284C964C003E0963 /* ConnectPrinterUITests.swift */ = {isa = PBXFileReference; lastKnownFileType = sourcecode.swift; path = ConnectPrinterUITests.swift; sourceTree = "<group>"; };
		C4FE1D8E284C964C003E0963 /* ConnectPrinterUITestsLaunchTests.swift */ = {isa = PBXFileReference; lastKnownFileType = sourcecode.swift; path = ConnectPrinterUITestsLaunchTests.swift; sourceTree = "<group>"; };
/* End PBXFileReference section */

/* Begin PBXFrameworksBuildPhase section */
		C4FE1D62284C964A003E0963 /* Frameworks */ = {
			isa = PBXFrameworksBuildPhase;
			buildActionMask = 2147483647;
			files = (
			);
			runOnlyForDeploymentPostprocessing = 0;
		};
		C4FE1D7B284C964C003E0963 /* Frameworks */ = {
			isa = PBXFrameworksBuildPhase;
			buildActionMask = 2147483647;
			files = (
			);
			runOnlyForDeploymentPostprocessing = 0;
		};
		C4FE1D85284C964C003E0963 /* Frameworks */ = {
			isa = PBXFrameworksBuildPhase;
			buildActionMask = 2147483647;
			files = (
			);
			runOnlyForDeploymentPostprocessing = 0;
		};
/* End PBXFrameworksBuildPhase section */

/* Begin PBXGroup section */
		C4FE1D5C284C964A003E0963 = {
			isa = PBXGroup;
			children = (
				C4FE1D67284C964A003E0963 /* ConnectPrinter */,
				C4FE1D81284C964C003E0963 /* ConnectPrinterTests */,
				C4FE1D8B284C964C003E0963 /* ConnectPrinterUITests */,
				C4FE1D66284C964A003E0963 /* Products */,
			);
			sourceTree = "<group>";
		};
		C4FE1D66284C964A003E0963 /* Products */ = {
			isa = PBXGroup;
			children = (
				C4FE1D65284C964A003E0963 /* ConnectPrinter.app */,
				C4FE1D7E284C964C003E0963 /* ConnectPrinterTests.xctest */,
				C4FE1D88284C964C003E0963 /* ConnectPrinterUITests.xctest */,
			);
			name = Products;
			sourceTree = "<group>";
		};
		C4FE1D67284C964A003E0963 /* ConnectPrinter */ = {
			isa = PBXGroup;
			children = (
				C4FE1D68284C964A003E0963 /* AppDelegate.swift */,
				C4FE1D6A284C964A003E0963 /* SceneDelegate.swift */,
				C4FE1D6C284C964A003E0963 /* ViewController.swift */,
				C4FE1D6E284C964A003E0963 /* Main.storyboard */,
				C4FE1D74284C964C003E0963 /* Assets.xcassets */,
				C4FE1D76284C964C003E0963 /* LaunchScreen.storyboard */,
				C4FE1D79284C964C003E0963 /* Info.plist */,
				C4FE1D71284C964A003E0963 /* ConnectPrinter.xcdatamodeld */,
			);
			path = ConnectPrinter;
			sourceTree = "<group>";
		};
		C4FE1D81284C964C003E0963 /* ConnectPrinterTests */ = {
			isa = PBXGroup;
			children = (
				C4FE1D82284C964C003E0963 /* ConnectPrinterTests.swift */,
			);
			path = ConnectPrinterTests;
			sourceTree = "<group>";
		};
		C4FE1D8B284C964C003E0963 /* ConnectPrinterUITests */ = {
			isa = PBXGroup;
			children = (
				C4FE1D8C284C964C003E0963 /* ConnectPrinterUITests.swift */,
				C4FE1D8E284C964C003E0963 /* ConnectPrinterUITestsLaunchTests.swift */,
			);
			path = ConnectPrinterUITests;
			sourceTree = "<group>";
		};
/* End PBXGroup section */

/* Begin PBXNativeTarget section */
		C4FE1D64284C964A003E0963 /* ConnectPrinter */ = {
			isa = PBXNativeTarget;
			buildConfigurationList = C4FE1D92284C964C003E0963 /* Build configuration list for PBXNativeTarget "ConnectPrinter" */;
			buildPhases = (
				C4FE1D61284C964A003E0963 /* Sources */,
				C4FE1D62284C964A003E0963 /* Frameworks */,
				C4FE1D63284C964A003E0963 /* Resources */,
			);
			buildRules = (
			);
			dependencies = (
			);
			name = ConnectPrinter;
			productName = ConnectPrinter;
			productReference = C4FE1D65284C964A003E0963 /* ConnectPrinter.app */;
			productType = "com.apple.product-type.application";
		};
		C4FE1D7D284C964C003E0963 /* ConnectPrinterTests */ = {
			isa = PBXNativeTarget;
			buildConfigurationList = C4FE1D95284C964C003E0963 /* Build configuration list for PBXNativeTarget "ConnectPrinterTests" */;
			buildPhases = (
				C4FE1D7A284C964C003E0963 /* Sources */,
				C4FE1D7B284C964C003E0963 /* Frameworks */,
				C4FE1D7C284C964C003E0963 /* Resources */,
			);
			buildRules = (
			);
			dependencies = (
				C4FE1D80284C964C003E0963 /* PBXTargetDependency */,
			);
			name = ConnectPrinterTests;
			productName = ConnectPrinterTests;
			productReference = C4FE1D7E284C964C003E0963 /* ConnectPrinterTests.xctest */;
			productType = "com.apple.product-type.bundle.unit-test";
		};
		C4FE1D87284C964C003E0963 /* ConnectPrinterUITests */ = {
			isa = PBXNativeTarget;
			buildConfigurationList = C4FE1D98284C964C003E0963 /* Build configuration list for PBXNativeTarget "ConnectPrinterUITests" */;
			buildPhases = (
				C4FE1D84284C964C003E0963 /* Sources */,
				C4FE1D85284C964C003E0963 /* Frameworks */,
				C4FE1D86284C964C003E0963 /* Resources */,
			);
			buildRules = (
			);
			dependencies = (
				C4FE1D8A284C964C003E0963 /* PBXTargetDependency */,
			);
			name = ConnectPrinterUITests;
			productName = ConnectPrinterUITests;
			productReference = C4FE1D88284C964C003E0963 /* ConnectPrinterUITests.xctest */;
			productType = "com.apple.product-type.bundle.ui-testing";
		};
/* End PBXNativeTarget section */

/* Begin PBXProject section */
		C4FE1D5D284C964A003E0963 /* Project object */ = {
			isa = PBXProject;
			attributes = {
				BuildIndependentTargetsInParallel = 1;
				LastSwiftUpdateCheck = 1310;
				LastUpgradeCheck = 1310;
				TargetAttributes = {
					C4FE1D64284C964A003E0963 = {
						CreatedOnToolsVersion = 13.1;
					};
					C4FE1D7D284C964C003E0963 = {
						CreatedOnToolsVersion = 13.1;
						TestTargetID = C4FE1D64284C964A003E0963;
					};
					C4FE1D87284C964C003E0963 = {
						CreatedOnToolsVersion = 13.1;
						TestTargetID = C4FE1D64284C964A003E0963;
					};
				};
			};
			buildConfigurationList = C4FE1D60284C964A003E0963 /* Build configuration list for PBXProject "ConnectPrinter" */;
			compatibilityVersion = "Xcode 13.0";
			developmentRegion = en;
			hasScannedForEncodings = 0;
			knownRegions = (
				en,
				Base,
			);
			mainGroup = C4FE1D5C284C964A003E0963;
			productRefGroup = C4FE1D66284C964A003E0963 /* Products */;
			projectDirPath = "";
			projectRoot = "";
			targets = (
				C4FE1D64284C964A003E0963 /* ConnectPrinter */,
				C4FE1D7D284C964C003E0963 /* ConnectPrinterTests */,
				C4FE1D87284C964C003E0963 /* ConnectPrinterUITests */,
			);
		};
/* End PBXProject section */

/* Begin PBXResourcesBuildPhase section */
		C4FE1D63284C964A003E0963 /* Resources */ = {
			isa = PBXResourcesBuildPhase;
			buildActionMask = 2147483647;
			files = (
				C4FE1D78284C964C003E0963 /* LaunchScreen.storyboard in Resources */,
				C4FE1D75284C964C003E0963 /* Assets.xcassets in Resources */,
				C4FE1D70284C964A003E0963 /* Main.storyboard in Resources */,
			);
			runOnlyForDeploymentPostprocessing = 0;
		};
		C4FE1D7C284C964C003E0963 /* Resources */ = {
			isa = PBXResourcesBuildPhase;
			buildActionMask = 2147483647;
			files = (
			);
			runOnlyForDeploymentPostprocessing = 0;
		};
		C4FE1D86284C964C003E0963 /* Resources */ = {
			isa = PBXResourcesBuildPhase;
			buildActionMask = 2147483647;
			files = (
			);
			runOnlyForDeploymentPostprocessing = 0;
		};
/* End PBXResourcesBuildPhase section */

/* Begin PBXSourcesBuildPhase section */
		C4FE1D61284C964A003E0963 /* Sources */ = {
			isa = PBXSourcesBuildPhase;
			buildActionMask = 2147483647;
			files = (
				C4FE1D6D284C964A003E0963 /* ViewController.swift in Sources */,
				C4FE1D73284C964A003E0963 /* ConnectPrinter.xcdatamodeld in Sources */,
				C4FE1D69284C964A003E0963 /* AppDelegate.swift in Sources */,
				C4FE1D6B284C964A003E0963 /* SceneDelegate.swift in Sources */,
			);
			runOnlyForDeploymentPostprocessing = 0;
		};
		C4FE1D7A284C964C003E0963 /* Sources */ = {
			isa = PBXSourcesBuildPhase;
			buildActionMask = 2147483647;
			files = (
				C4FE1D83284C964C003E0963 /* ConnectPrinterTests.swift in Sources */,
			);
			runOnlyForDeploymentPostprocessing = 0;
		};
		C4FE1D84284C964C003E0963 /* Sources */ = {
			isa = PBXSourcesBuildPhase;
			buildActionMask = 2147483647;
			files = (
				C4FE1D8F284C964C003E0963 /* ConnectPrinterUITestsLaunchTests.swift in Sources */,
				C4FE1D8D284C964C003E0963 /* ConnectPrinterUITests.swift in Sources */,
			);
			runOnlyForDeploymentPostprocessing = 0;
		};
/* End PBXSourcesBuildPhase section */

/* Begin PBXTargetDependency section */
		C4FE1D80284C964C003E0963 /* PBXTargetDependency */ = {
			isa = PBXTargetDependency;
			target = C4FE1D64284C964A003E0963 /* ConnectPrinter */;
			targetProxy = C4FE1D7F284C964C003E0963 /* PBXContainerItemProxy */;
		};
		C4FE1D8A284C964C003E0963 /* PBXTargetDependency */ = {
			isa = PBXTargetDependency;
			target = C4FE1D64284C964A003E0963 /* ConnectPrinter */;
			targetProxy = C4FE1D89284C964C003E0963 /* PBXContainerItemProxy */;
		};
/* End PBXTargetDependency section */

/* Begin PBXVariantGroup section */
		C4FE1D6E284C964A003E0963 /* Main.storyboard */ = {
			isa = PBXVariantGroup;
			children = (
				C4FE1D6F284C964A003E0963 /* Base */,
			);
			name = Main.storyboard;
			sourceTree = "<group>";
		};
		C4FE1D76284C964C003E0963 /* LaunchScreen.storyboard */ = {
			isa = PBXVariantGroup;
			children = (
				C4FE1D77284C964C003E0963 /* Base */,
			);
			name = LaunchScreen.storyboard;
			sourceTree = "<group>";
		};
/* End PBXVariantGroup section */

/* Begin XCBuildConfiguration section */
		C4FE1D90284C964C003E0963 /* Debug */ = {
			isa = XCBuildConfiguration;
			buildSettings = {
				ALWAYS_SEARCH_USER_PATHS = NO;
				CLANG_ANALYZER_NONNULL = YES;
				CLANG_ANALYZER_NUMBER_OBJECT_CONVERSION = YES_AGGRESSIVE;
				CLANG_CXX_LANGUAGE_STANDARD = "gnu++17";
				CLANG_CXX_LIBRARY = "libc++";
				CLANG_ENABLE_MODULES = YES;
				CLANG_ENABLE_OBJC_ARC = YES;
				CLANG_ENABLE_OBJC_WEAK = YES;
				CLANG_WARN_BLOCK_CAPTURE_AUTORELEASING = YES;
				CLANG_WARN_BOOL_CONVERSION = YES;
				CLANG_WARN_COMMA = YES;
				CLANG_WARN_CONSTANT_CONVERSION = YES;
				CLANG_WARN_DEPRECATED_OBJC_IMPLEMENTATIONS = YES;
				CLANG_WARN_DIRECT_OBJC_ISA_USAGE = YES_ERROR;
				CLANG_WARN_DOCUMENTATION_COMMENTS = YES;
				CLANG_WARN_EMPTY_BODY = YES;
				CLANG_WARN_ENUM_CONVERSION = YES;
				CLANG_WARN_INFINITE_RECURSION = YES;
				CLANG_WARN_INT_CONVERSION = YES;
				CLANG_WARN_NON_LITERAL_NULL_CONVERSION = YES;
				CLANG_WARN_OBJC_IMPLICIT_RETAIN_SELF = YES;
				CLANG_WARN_OBJC_LITERAL_CONVERSION = YES;
				CLANG_WARN_OBJC_ROOT_CLASS = YES_ERROR;
				CLANG_WARN_QUOTED_INCLUDE_IN_FRAMEWORK_HEADER = YES;
				CLANG_WARN_RANGE_LOOP_ANALYSIS = YES;
				CLANG_WARN_STRICT_PROTOTYPES = YES;
				CLANG_WARN_SUSPICIOUS_MOVE = YES;
				CLANG_WARN_UNGUARDED_AVAILABILITY = YES_AGGRESSIVE;
				CLANG_WARN_UNREACHABLE_CODE = YES;
				CLANG_WARN__DUPLICATE_METHOD_MATCH = YES;
				COPY_PHASE_STRIP = NO;
				DEBUG_INFORMATION_FORMAT = dwarf;
				ENABLE_STRICT_OBJC_MSGSEND = YES;
				ENABLE_TESTABILITY = YES;
				GCC_C_LANGUAGE_STANDARD = gnu11;
				GCC_DYNAMIC_NO_PIC = NO;
				GCC_NO_COMMON_BLOCKS = YES;
				GCC_OPTIMIZATION_LEVEL = 0;
				GCC_PREPROCESSOR_DEFINITIONS = (
					"DEBUG=1",
					"$(inherited)",
				);
				GCC_WARN_64_TO_32_BIT_CONVERSION = YES;
				GCC_WARN_ABOUT_RETURN_TYPE = YES_ERROR;
				GCC_WARN_UNDECLARED_SELECTOR = YES;
				GCC_WARN_UNINITIALIZED_AUTOS = YES_AGGRESSIVE;
				GCC_WARN_UNUSED_FUNCTION = YES;
				GCC_WARN_UNUSED_VARIABLE = YES;
				IPHONEOS_DEPLOYMENT_TARGET = 15.0;
				MTL_ENABLE_DEBUG_INFO = INCLUDE_SOURCE;
				MTL_FAST_MATH = YES;
				ONLY_ACTIVE_ARCH = YES;
				SDKROOT = iphoneos;
				SWIFT_ACTIVE_COMPILATION_CONDITIONS = DEBUG;
				SWIFT_OPTIMIZATION_LEVEL = "-Onone";
			};
			name = Debug;
		};
		C4FE1D91284C964C003E0963 /* Release */ = {
			isa = XCBuildConfiguration;
			buildSettings = {
				ALWAYS_SEARCH_USER_PATHS = NO;
				CLANG_ANALYZER_NONNULL = YES;
				CLANG_ANALYZER_NUMBER_OBJECT_CONVERSION = YES_AGGRESSIVE;
				CLANG_CXX_LANGUAGE_STANDARD = "gnu++17";
				CLANG_CXX_LIBRARY = "libc++";
				CLANG_ENABLE_MODULES = YES;
				CLANG_ENABLE_OBJC_ARC = YES;
				CLANG_ENABLE_OBJC_WEAK = YES;
				CLANG_WARN_BLOCK_CAPTURE_AUTORELEASING = YES;
				CLANG_WARN_BOOL_CONVERSION = YES;
				CLANG_WARN_COMMA = YES;
				CLANG_WARN_CONSTANT_CONVERSION = YES;
				CLANG_WARN_DEPRECATED_OBJC_IMPLEMENTATIONS = YES;
				CLANG_WARN_DIRECT_OBJC_ISA_USAGE = YES_ERROR;
				CLANG_WARN_DOCUMENTATION_COMMENTS = YES;
				CLANG_WARN_EMPTY_BODY = YES;
				CLANG_WARN_ENUM_CONVERSION = YES;
				CLANG_WARN_INFINITE_RECURSION = YES;
				CLANG_WARN_INT_CONVERSION = YES;
				CLANG_WARN_NON_LITERAL_NULL_CONVERSION = YES;
				CLANG_WARN_OBJC_IMPLICIT_RETAIN_SELF = YES;
				CLANG_WARN_OBJC_LITERAL_CONVERSION = YES;
				CLANG_WARN_OBJC_ROOT_CLASS = YES_ERROR;
				CLANG_WARN_QUOTED_INCLUDE_IN_FRAMEWORK_HEADER = YES;
				CLANG_WARN_RANGE_LOOP_ANALYSIS = YES;
				CLANG_WARN_STRICT_PROTOTYPES = YES;
				CLANG_WARN_SUSPICIOUS_MOVE = YES;
				CLANG_WARN_UNGUARDED_AVAILABILITY = YES_AGGRESSIVE;
				CLANG_WARN_UNREACHABLE_CODE = YES;
				CLANG_WARN__DUPLICATE_METHOD_MATCH = YES;
				COPY_PHASE_STRIP = NO;
				DEBUG_INFORMATION_FORMAT = "dwarf-with-dsym";
				ENABLE_NS_ASSERTIONS = NO;
				ENABLE_STRICT_OBJC_MSGSEND = YES;
				GCC_C_LANGUAGE_STANDARD = gnu11;
				GCC_NO_COMMON_BLOCKS = YES;
				GCC_WARN_64_TO_32_BIT_CONVERSION = YES;
				GCC_WARN_ABOUT_RETURN_TYPE = YES_ERROR;
				GCC_WARN_UNDECLARED_SELECTOR = YES;
				GCC_WARN_UNINITIALIZED_AUTOS = YES_AGGRESSIVE;
				GCC_WARN_UNUSED_FUNCTION = YES;
				GCC_WARN_UNUSED_VARIABLE = YES;
				IPHONEOS_DEPLOYMENT_TARGET = 15.0;
				MTL_ENABLE_DEBUG_INFO = NO;
				MTL_FAST_MATH = YES;
				SDKROOT = iphoneos;
				SWIFT_COMPILATION_MODE = wholemodule;
				SWIFT_OPTIMIZATION_LEVEL = "-O";
				VALIDATE_PRODUCT = YES;
			};
			name = Release;
		};
		C4FE1D93284C964C003E0963 /* Debug */ = {
			isa = XCBuildConfiguration;
			buildSettings = {
				ASSETCATALOG_COMPILER_APPICON_NAME = AppIcon;
				ASSETCATALOG_COMPILER_GLOBAL_ACCENT_COLOR_NAME = AccentColor;
				CODE_SIGN_STYLE = Automatic;
				CURRENT_PROJECT_VERSION = 1;
				DEVELOPMENT_TEAM = YMEVRFDNP3;
				GENERATE_INFOPLIST_FILE = YES;
				INFOPLIST_FILE = ConnectPrinter/Info.plist;
				INFOPLIST_KEY_UIApplicationSupportsIndirectInputEvents = YES;
				INFOPLIST_KEY_UILaunchStoryboardName = LaunchScreen;
				INFOPLIST_KEY_UIMainStoryboardFile = Main;
				INFOPLIST_KEY_UISupportedInterfaceOrientations_iPad = "UIInterfaceOrientationPortrait UIInterfaceOrientationPortraitUpsideDown UIInterfaceOrientationLandscapeLeft UIInterfaceOrientationLandscapeRight";
				INFOPLIST_KEY_UISupportedInterfaceOrientations_iPhone = "UIInterfaceOrientationPortrait UIInterfaceOrientationLandscapeLeft UIInterfaceOrientationLandscapeRight";
				LD_RUNPATH_SEARCH_PATHS = (
					"$(inherited)",
					"@executable_path/Frameworks",
				);
				MARKETING_VERSION = 1.0;
				PRODUCT_BUNDLE_IDENTIFIER = com.nmt.ConnectPrinter;
				PRODUCT_NAME = "$(TARGET_NAME)";
				SWIFT_EMIT_LOC_STRINGS = YES;
				SWIFT_VERSION = 5.0;
				TARGETED_DEVICE_FAMILY = "1,2";
			};
			name = Debug;
		};
		C4FE1D94284C964C003E0963 /* Release */ = {
			isa = XCBuildConfiguration;
			buildSettings = {
				ASSETCATALOG_COMPILER_APPICON_NAME = AppIcon;
				ASSETCATALOG_COMPILER_GLOBAL_ACCENT_COLOR_NAME = AccentColor;
				CODE_SIGN_STYLE = Automatic;
				CURRENT_PROJECT_VERSION = 1;
				DEVELOPMENT_TEAM = YMEVRFDNP3;
				GENERATE_INFOPLIST_FILE = YES;
				INFOPLIST_FILE = ConnectPrinter/Info.plist;
				INFOPLIST_KEY_UIApplicationSupportsIndirectInputEvents = YES;
				INFOPLIST_KEY_UILaunchStoryboardName = LaunchScreen;
				INFOPLIST_KEY_UIMainStoryboardFile = Main;
				INFOPLIST_KEY_UISupportedInterfaceOrientations_iPad = "UIInterfaceOrientationPortrait UIInterfaceOrientationPortraitUpsideDown UIInterfaceOrientationLandscapeLeft UIInterfaceOrientationLandscapeRight";
				INFOPLIST_KEY_UISupportedInterfaceOrientations_iPhone = "UIInterfaceOrientationPortrait UIInterfaceOrientationLandscapeLeft UIInterfaceOrientationLandscapeRight";
				LD_RUNPATH_SEARCH_PATHS = (
					"$(inherited)",
					"@executable_path/Frameworks",
				);
				MARKETING_VERSION = 1.0;
				PRODUCT_BUNDLE_IDENTIFIER = com.nmt.ConnectPrinter;
				PRODUCT_NAME = "$(TARGET_NAME)";
				SWIFT_EMIT_LOC_STRINGS = YES;
				SWIFT_VERSION = 5.0;
				TARGETED_DEVICE_FAMILY = "1,2";
			};
			name = Release;
		};
		C4FE1D96284C964C003E0963 /* Debug */ = {
			isa = XCBuildConfiguration;
			buildSettings = {
				ALWAYS_EMBED_SWIFT_STANDARD_LIBRARIES = YES;
				BUNDLE_LOADER = "$(TEST_HOST)";
				CODE_SIGN_STYLE = Automatic;
				CURRENT_PROJECT_VERSION = 1;
				DEVELOPMENT_TEAM = YMEVRFDNP3;
				GENERATE_INFOPLIST_FILE = YES;
				IPHONEOS_DEPLOYMENT_TARGET = 15.0;
				LD_RUNPATH_SEARCH_PATHS = (
					"$(inherited)",
					"@executable_path/Frameworks",
					"@loader_path/Frameworks",
				);
				MARKETING_VERSION = 1.0;
				PRODUCT_BUNDLE_IDENTIFIER = com.nmt.ConnectPrinterTests;
				PRODUCT_NAME = "$(TARGET_NAME)";
				SWIFT_EMIT_LOC_STRINGS = NO;
				SWIFT_VERSION = 5.0;
				TARGETED_DEVICE_FAMILY = "1,2";
				TEST_HOST = "$(BUILT_PRODUCTS_DIR)/ConnectPrinter.app/ConnectPrinter";
			};
			name = Debug;
		};
		C4FE1D97284C964C003E0963 /* Release */ = {
			isa = XCBuildConfiguration;
			buildSettings = {
				ALWAYS_EMBED_SWIFT_STANDARD_LIBRARIES = YES;
				BUNDLE_LOADER = "$(TEST_HOST)";
				CODE_SIGN_STYLE = Automatic;
				CURRENT_PROJECT_VERSION = 1;
				DEVELOPMENT_TEAM = YMEVRFDNP3;
				GENERATE_INFOPLIST_FILE = YES;
				IPHONEOS_DEPLOYMENT_TARGET = 15.0;
				LD_RUNPATH_SEARCH_PATHS = (
					"$(inherited)",
					"@executable_path/Frameworks",
					"@loader_path/Frameworks",
				);
				MARKETING_VERSION = 1.0;
				PRODUCT_BUNDLE_IDENTIFIER = com.nmt.ConnectPrinterTests;
				PRODUCT_NAME = "$(TARGET_NAME)";
				SWIFT_EMIT_LOC_STRINGS = NO;
				SWIFT_VERSION = 5.0;
				TARGETED_DEVICE_FAMILY = "1,2";
				TEST_HOST = "$(BUILT_PRODUCTS_DIR)/ConnectPrinter.app/ConnectPrinter";
			};
			name = Release;
		};
		C4FE1D99284C964C003E0963 /* Debug */ = {
			isa = XCBuildConfiguration;
			buildSettings = {
				ALWAYS_EMBED_SWIFT_STANDARD_LIBRARIES = YES;
				CODE_SIGN_STYLE = Automatic;
				CURRENT_PROJECT_VERSION = 1;
				DEVELOPMENT_TEAM = YMEVRFDNP3;
				GENERATE_INFOPLIST_FILE = YES;
				LD_RUNPATH_SEARCH_PATHS = (
					"$(inherited)",
					"@executable_path/Frameworks",
					"@loader_path/Frameworks",
				);
				MARKETING_VERSION = 1.0;
				PRODUCT_BUNDLE_IDENTIFIER = com.nmt.ConnectPrinterUITests;
				PRODUCT_NAME = "$(TARGET_NAME)";
				SWIFT_EMIT_LOC_STRINGS = NO;
				SWIFT_VERSION = 5.0;
				TARGETED_DEVICE_FAMILY = "1,2";
				TEST_TARGET_NAME = ConnectPrinter;
			};
			name = Debug;
		};
		C4FE1D9A284C964C003E0963 /* Release */ = {
			isa = XCBuildConfiguration;
			buildSettings = {
				ALWAYS_EMBED_SWIFT_STANDARD_LIBRARIES = YES;
				CODE_SIGN_STYLE = Automatic;
				CURRENT_PROJECT_VERSION = 1;
				DEVELOPMENT_TEAM = YMEVRFDNP3;
				GENERATE_INFOPLIST_FILE = YES;
				LD_RUNPATH_SEARCH_PATHS = (
					"$(inherited)",
					"@executable_path/Frameworks",
					"@loader_path/Frameworks",
				);
				MARKETING_VERSION = 1.0;
				PRODUCT_BUNDLE_IDENTIFIER = com.nmt.ConnectPrinterUITests;
				PRODUCT_NAME = "$(TARGET_NAME)";
				SWIFT_EMIT_LOC_STRINGS = NO;
				SWIFT_VERSION = 5.0;
				TARGETED_DEVICE_FAMILY = "1,2";
				TEST_TARGET_NAME = ConnectPrinter;
			};
			name = Release;
		};
/* End XCBuildConfiguration section */

/* Begin XCConfigurationList section */
		C4FE1D60284C964A003E0963 /* Build configuration list for PBXProject "ConnectPrinter" */ = {
			isa = XCConfigurationList;
			buildConfigurations = (
				C4FE1D90284C964C003E0963 /* Debug */,
				C4FE1D91284C964C003E0963 /* Release */,
			);
			defaultConfigurationIsVisible = 0;
			defaultConfigurationName = Release;
		};
		C4FE1D92284C964C003E0963 /* Build configuration list for PBXNativeTarget "ConnectPrinter" */ = {
			isa = XCConfigurationList;
			buildConfigurations = (
				C4FE1D93284C964C003E0963 /* Debug */,
				C4FE1D94284C964C003E0963 /* Release */,
			);
			defaultConfigurationIsVisible = 0;
			defaultConfigurationName = Release;
		};
		C4FE1D95284C964C003E0963 /* Build configuration list for PBXNativeTarget "ConnectPrinterTests" */ = {
			isa = XCConfigurationList;
			buildConfigurations = (
				C4FE1D96284C964C003E0963 /* Debug */,
				C4FE1D97284C964C003E0963 /* Release */,
			);
			defaultConfigurationIsVisible = 0;
			defaultConfigurationName = Release;
		};
		C4FE1D98284C964C003E0963 /* Build configuration list for PBXNativeTarget "ConnectPrinterUITests" */ = {
			isa = XCConfigurationList;
			buildConfigurations = (
				C4FE1D99284C964C003E0963 /* Debug */,
				C4FE1D9A284C964C003E0963 /* Release */,
			);
			defaultConfigurationIsVisible = 0;
			defaultConfigurationName = Release;
		};
/* End XCConfigurationList section */

/* Begin XCVersionGroup section */
		C4FE1D71284C964A003E0963 /* ConnectPrinter.xcdatamodeld */ = {
			isa = XCVersionGroup;
			children = (
				C4FE1D72284C964A003E0963 /* ConnectPrinter.xcdatamodel */,
			);
			currentVersion = C4FE1D72284C964A003E0963 /* ConnectPrinter.xcdatamodel */;
			path = ConnectPrinter.xcdatamodeld;
			sourceTree = "<group>";
			versionGroupType = wrapper.xcdatamodel;
		};
/* End XCVersionGroup section */
	};
	rootObject = C4FE1D5D284C964A003E0963 /* Project object */;
}
